
Microsoft Visual Studio Solution File, Format Version 12.00
# Visual Studio Version 17
VisualStudioVersion = 17.1.32210.238
MinimumVisualStudioVersion = 10.0.40219.1
Project("{FAE04EC0-301F-11D3-BF4B-00C04F79EFBC}") = "FiveCardDraw.Web", "FiveCardDraw.Web\FiveCardDraw.Web.csproj", "{9508823F-23AD-4AE3-AD62-2872086BDBA8}"
	ProjectSection(ProjectDependencies) = postProject
		{56F66017-3FE1-4DB2-9E5D-871C2DAA011F} = {56F66017-3FE1-4DB2-9E5D-871C2DAA011F}
	EndProjectSection
EndProject
Project("{9A19103F-16F7-4668-BE54-9A1E7A4F7556}") = "FiveCardDraw.Test", "FiveCardDraw.Test\FiveCardDraw.Test.csproj", "{EDB360AF-72FB-4E34-AA5F-8E1AA843BA5F}"
EndProject
Project("{9A19103F-16F7-4668-BE54-9A1E7A4F7556}") = "FiveCardDraw.Lib", "FiveCardPoker.Lib\FiveCardDraw.Lib.csproj", "{56F66017-3FE1-4DB2-9E5D-871C2DAA011F}"
EndProject
Global
	GlobalSection(SolutionConfigurationPlatforms) = preSolution
		Debug|Any CPU = Debug|Any CPU
		Release|Any CPU = Release|Any CPU
	EndGlobalSection
	GlobalSection(ProjectConfigurationPlatforms) = postSolution
		{9508823F-23AD-4AE3-AD62-2872086BDBA8}.Debug|Any CPU.ActiveCfg = Debug|Any CPU
		{9508823F-23AD-4AE3-AD62-2872086BDBA8}.Debug|Any CPU.Build.0 = Debug|Any CPU
		{9508823F-23AD-4AE3-AD62-2872086BDBA8}.Release|Any CPU.ActiveCfg = Release|Any CPU
		{9508823F-23AD-4AE3-AD62-2872086BDBA8}.Release|Any CPU.Build.0 = Release|Any CPU
		{EDB360AF-72FB-4E34-AA5F-8E1AA843BA5F}.Debug|Any CPU.ActiveCfg = Debug|Any CPU
		{EDB360AF-72FB-4E34-AA5F-8E1AA843BA5F}.Debug|Any CPU.Build.0 = Debug|Any CPU
		{EDB360AF-72FB-4E34-AA5F-8E1AA843BA5F}.Release|Any CPU.ActiveCfg = Release|Any CPU
		{EDB360AF-72FB-4E34-AA5F-8E1AA843BA5F}.Release|Any CPU.Build.0 = Release|Any CPU
		{56F66017-3FE1-4DB2-9E5D-871C2DAA011F}.Debug|Any CPU.ActiveCfg = Debug|Any CPU
		{56F66017-3FE1-4DB2-9E5D-871C2DAA011F}.Debug|Any CPU.Build.0 = Debug|Any CPU
		{56F66017-3FE1-4DB2-9E5D-871C2DAA011F}.Release|Any CPU.ActiveCfg = Release|Any CPU
		{56F66017-3FE1-4DB2-9E5D-871C2DAA011F}.Release|Any CPU.Build.0 = Release|Any CPU
	EndGlobalSection
	GlobalSection(SolutionProperties) = preSolution
		HideSolutionNode = FALSE
	EndGlobalSection
	GlobalSection(ExtensibilityGlobals) = postSolution
		SolutionGuid = {DF136FCB-5BE7-4C2D-AA07-85E401EFDF15}
	EndGlobalSection
EndGlobal
